{
  "name": "anatomy-build-tools",
  "lockfileVersion": 3,
  "requires": true,
  "packages": {
    "": {
      "name": "anatomy-build-tools",
      "dependencies": {
        "@fontsource/atkinson-hyperlegible": "5.3.0",
        "@fontsource/newsreader": "5.3.0",
        "meshoptimizer": "1.2.0",
        "three": "0.186.0"
      }
    },
    "node_modules/@fontsource/atkinson-hyperlegible": {
      "version": "5.3.0",
      "resolved": "https://registry.npmjs.org/@fontsource/atkinson-hyperlegible/-/atkinson-hyperlegible-5.3.0.tgz",
      "integrity": "sha512-Sp8Ve8+rQmENY2Lv02VH7sLpntzTTvnncnJMTbRE7DX6TLxGraN4ykZfzaUWIoCFmaomwkvNiqmlPkrKBuDoSA==",
      "license": "OFL-1.1",
      "funding": {
        "url": "https://github.com/sponsors/ayuhito"
      }
    },
    "node_modules/@fontsource/newsreader": {
      "version": "5.3.0",
      "resolved": "https://registry.npmjs.org/@fontsource/newsreader/-/newsreader-5.3.0.tgz",
      "integrity": "sha512-AFR6ZKY89GNL+9qBI2P2+66NhD5bhOj/v6fsLnFYLM4E0JnMB1yKb+Ro8cA64i1hwAWoBfTq5CHJGWH1toLDkw==",
      "license": "OFL-1.1",
      "funding": {
        "url": "https://github.com/sponsors/ayuhito"
      }
    },
    "node_modules/meshoptimizer": {
      "version": "1.2.0",
      "resolved": "https://registry.npmjs.org/meshoptimizer/-/meshoptimizer-1.2.0.tgz",
      "integrity": "sha512-davRZeIJbxJrE24cwQle7ZDsxjdk/OphNOV83oX+efQinyoHY9Jcyz3MHbaoG0qySZajldGztNZ1RN/T19PZsg==",
      "license": "MIT"
    },
    "node_modules/three": {
      "version": "0.186.0",
      "resolved": "https://registry.npmjs.org/three/-/three-0.186.0.tgz",
      "integrity": "sha512-cr/fIM2ddMSVbYVgkfD4jLJv7Fh/8ZTjvo+7gQeSVGUZHxpx9FDwoL5iC7hUz/LiRA8wMbqfnb90xKfm1/HHkQ==",
      "license": "MIT"
    }
  }
}
